
Microsoft Visual Studio Solution File, Format Version 12.00
# Visual Studio Version 17
VisualStudioVersion = 17.11.35312.102
MinimumVisualStudioVersion = 10.0.40219.1
Project("{FAE04EC0-301F-11D3-BF4B-00C04F79EFBC}") = "Anastasia-Erileeva-kt-42-21", "Anastasia-Erileeva-kt-42-21\Anastasia-Erileeva-kt-42-21.csproj", "{0AA2CEBD-3B3F-4D74-8ABA-17F45E2BDA0F}"
EndProject
Global
	GlobalSection(SolutionConfigurationPlatforms) = preSolution
		Debug|Any CPU = Debug|Any CPU
		Release|Any CPU = Release|Any CPU
	EndGlobalSection
	GlobalSection(ProjectConfigurationPlatforms) = postSolution
		{0AA2CEBD-3B3F-4D74-8ABA-17F45E2BDA0F}.Debug|Any CPU.ActiveCfg = Debug|Any CPU
		{0AA2CEBD-3B3F-4D74-8ABA-17F45E2BDA0F}.Debug|Any CPU.Build.0 = Debug|Any CPU
		{0AA2CEBD-3B3F-4D74-8ABA-17F45E2BDA0F}.Release|Any CPU.ActiveCfg = Release|Any CPU
		{0AA2CEBD-3B3F-4D74-8ABA-17F45E2BDA0F}.Release|Any CPU.Build.0 = Release|Any CPU
	EndGlobalSection
	GlobalSection(SolutionProperties) = preSolution
		HideSolutionNode = FALSE
	EndGlobalSection
	GlobalSection(ExtensibilityGlobals) = postSolution
		SolutionGuid = {8EA8CCCE-C782-4517-B081-420BABD75955}
	EndGlobalSection
EndGlobal
